
Microsoft Visual Studio Solution File, Format Version 12.00
# Visual Studio Version 16
VisualStudioVersion = 16.0.30611.23
MinimumVisualStudioVersion = 10.0.40219.1
Project("{9A19103F-16F7-4668-BE54-9A1E7A4F7556}") = "ConsoleApp7", "ConsoleApp7\ConsoleApp7.csproj", "{F9620BAB-419C-4435-9ED9-2C3D20349FF8}"
EndProject
Project("{2150E333-8FDC-42A3-9474-1A3956D46DE8}") = "Solution Items", "Solution Items", "{8B896D36-B785-4312-B45B-D08D17A3FE55}"
EndProject
Global
	GlobalSection(SolutionConfigurationPlatforms) = preSolution
		Debug|Any CPU = Debug|Any CPU
		Release|Any CPU = Release|Any CPU
	EndGlobalSection
	GlobalSection(ProjectConfigurationPlatforms) = postSolution
		{F9620BAB-419C-4435-9ED9-2C3D20349FF8}.Debug|Any CPU.ActiveCfg = Debug|Any CPU
		{F9620BAB-419C-4435-9ED9-2C3D20349FF8}.Debug|Any CPU.Build.0 = Debug|Any CPU
		{F9620BAB-419C-4435-9ED9-2C3D20349FF8}.Release|Any CPU.ActiveCfg = Release|Any CPU
		{F9620BAB-419C-4435-9ED9-2C3D20349FF8}.Release|Any CPU.Build.0 = Release|Any CPU
	EndGlobalSection
	GlobalSection(SolutionProperties) = preSolution
		HideSolutionNode = FALSE
	EndGlobalSection
	GlobalSection(ExtensibilityGlobals) = postSolution
		SolutionGuid = {C383E348-066C-4BCF-887B-C07E0418927F}
	EndGlobalSection
EndGlobal
